
Microsoft Visual Studio Solution File, Format Version 12.00
# Visual Studio Version 16
VisualStudioVersion = 16.0.30503.244
MinimumVisualStudioVersion = 10.0.40219.1
Project("{FAE04EC0-301F-11D3-BF4B-00C04F79EFBC}") = "controller-sdk", "controller-sdk\controller-sdk.csproj", "{0F3DAAFB-4C93-4F25-BEF3-43DB10BD6190}"
EndProject
Project("{FAE04EC0-301F-11D3-BF4B-00C04F79EFBC}") = "foo", "samples\foo\foo.csproj", "{F865D2D0-8E3E-43DA-9F8A-B1B69D58DE0E}"
EndProject
Project("{FAE04EC0-301F-11D3-BF4B-00C04F79EFBC}") = "test-console", "test-console\test-console.csproj", "{BB630AF7-02D2-476F-80B7-E23F696E0106}"
EndProject
Global
	GlobalSection(SolutionConfigurationPlatforms) = preSolution
		Debug|Any CPU = Debug|Any CPU
		Release|Any CPU = Release|Any CPU
	EndGlobalSection
	GlobalSection(ProjectConfigurationPlatforms) = postSolution
		{0F3DAAFB-4C93-4F25-BEF3-43DB10BD6190}.Debug|Any CPU.ActiveCfg = Debug|Any CPU
		{0F3DAAFB-4C93-4F25-BEF3-43DB10BD6190}.Debug|Any CPU.Build.0 = Debug|Any CPU
		{0F3DAAFB-4C93-4F25-BEF3-43DB10BD6190}.Release|Any CPU.ActiveCfg = Release|Any CPU
		{0F3DAAFB-4C93-4F25-BEF3-43DB10BD6190}.Release|Any CPU.Build.0 = Release|Any CPU
		{F865D2D0-8E3E-43DA-9F8A-B1B69D58DE0E}.Debug|Any CPU.ActiveCfg = Debug|Any CPU
		{F865D2D0-8E3E-43DA-9F8A-B1B69D58DE0E}.Debug|Any CPU.Build.0 = Debug|Any CPU
		{F865D2D0-8E3E-43DA-9F8A-B1B69D58DE0E}.Release|Any CPU.ActiveCfg = Release|Any CPU
		{F865D2D0-8E3E-43DA-9F8A-B1B69D58DE0E}.Release|Any CPU.Build.0 = Release|Any CPU
		{BB630AF7-02D2-476F-80B7-E23F696E0106}.Debug|Any CPU.ActiveCfg = Debug|Any CPU
		{BB630AF7-02D2-476F-80B7-E23F696E0106}.Debug|Any CPU.Build.0 = Debug|Any CPU
		{BB630AF7-02D2-476F-80B7-E23F696E0106}.Release|Any CPU.ActiveCfg = Release|Any CPU
		{BB630AF7-02D2-476F-80B7-E23F696E0106}.Release|Any CPU.Build.0 = Release|Any CPU
	EndGlobalSection
	GlobalSection(SolutionProperties) = preSolution
		HideSolutionNode = FALSE
	EndGlobalSection
	GlobalSection(ExtensibilityGlobals) = postSolution
		SolutionGuid = {66F3E1DC-F9D7-4A41-8B85-64A67C95911E}
	EndGlobalSection
EndGlobal
